
Microsoft Visual Studio Solution File, Format Version 12.00
# Visual Studio Version 17
VisualStudioVersion = 17.1.32328.378
MinimumVisualStudioVersion = 10.0.40219.1
Project("{FAE04EC0-301F-11D3-BF4B-00C04F79EFBC}") = "dateonly-timeonly-serialization-work-around-.net6", "dateonly-timeonly-serialization-work-around-.net6\dateonly-timeonly-serialization-work-around-.net6.csproj", "{F8E37511-74D1-4368-86F9-50720464AE6F}"
EndProject
Global
	GlobalSection(SolutionConfigurationPlatforms) = preSolution
		Debug|Any CPU = Debug|Any CPU
		Release|Any CPU = Release|Any CPU
	EndGlobalSection
	GlobalSection(ProjectConfigurationPlatforms) = postSolution
		{F8E37511-74D1-4368-86F9-50720464AE6F}.Debug|Any CPU.ActiveCfg = Debug|Any CPU
		{F8E37511-74D1-4368-86F9-50720464AE6F}.Debug|Any CPU.Build.0 = Debug|Any CPU
		{F8E37511-74D1-4368-86F9-50720464AE6F}.Release|Any CPU.ActiveCfg = Release|Any CPU
		{F8E37511-74D1-4368-86F9-50720464AE6F}.Release|Any CPU.Build.0 = Release|Any CPU
	EndGlobalSection
	GlobalSection(SolutionProperties) = preSolution
		HideSolutionNode = FALSE
	EndGlobalSection
	GlobalSection(ExtensibilityGlobals) = postSolution
		SolutionGuid = {2D0802C0-E398-45AE-AD3F-294E1099028C}
	EndGlobalSection
EndGlobal
